// !$*UTF8*$!
{
	archiveVersion = 1;
	classes = {
	};
	objectVersion = 46;
	objects = {

/* Begin PBXBuildFile section */
		ABEDDF351C6952900052F275 /* AppDelegate.swift in Sources */ = {isa = PBXBuildFile; fileRef = ABEDDF341C6952900052F275 /* AppDelegate.swift */; };
		ABEDDF371C6952900052F275 /* ViewController.swift in Sources */ = {isa = PBXBuildFile; fileRef = ABEDDF361C6952900052F275 /* ViewController.swift */; };
		ABEDDF3A1C6952900052F275 /* Main.storyboard in Resources */ = {isa = PBXBuildFile; fileRef = ABEDDF381C6952900052F275 /* Main.storyboard */; };
		ABEDDF3C1C6952900052F275 /* Assets.xcassets in Resources */ = {isa = PBXBuildFile; fileRef = ABEDDF3B1C6952900052F275 /* Assets.xcassets */; };
		ABEDDF3F1C6952900052F275 /* LaunchScreen.storyboard in Resources */ = {isa = PBXBuildFile; fileRef = ABEDDF3D1C6952900052F275 /* LaunchScreen.storyboard */; };
/* End PBXBuildFile section */

/* Begin PBXFileReference section */
		ABEDDF311C6952900052F275 /* JuilliardDemo.app */ = {isa = PBXFileReference; explicitFileType = wrapper.application; includeInIndex = 0; path = JuilliardDemo.app; sourceTree = BUILT_PRODUCTS_DIR; };
		ABEDDF341C6952900052F275 /* AppDelegate.swift */ = {isa = PBXFileReference; lastKnownFileType = sourcecode.swift; path = AppDelegate.swift; sourceTree = "<group>"; };
		ABEDDF361C6952900052F275 /* ViewController.swift */ = {isa = PBXFileReference; lastKnownFileType = sourcecode.swift; path = ViewController.swift; sourceTree = "<group>"; };
		ABEDDF391C6952900052F275 /* Base */ = {isa = PBXFileReference; lastKnownFileType = file.storyboard; name = Base; path = Base.lproj/Main.storyboard; sourceTree = "<group>"; };
		ABEDDF3B1C6952900052F275 /* Assets.xcassets */ = {isa = PBXFileReference; lastKnownFileType = folder.assetcatalog; path = Assets.xcassets; sourceTree = "<group>"; };
		ABEDDF3E1C6952900052F275 /* Base */ = {isa = PBXFileReference; lastKnownFileType = file.storyboard; name = Base; path = Base.lproj/LaunchScreen.storyboard; sourceTree = "<group>"; };
		ABEDDF401C6952900052F275 /* Info.plist */ = {isa = PBXFileReference; lastKnownFileType = text.plist.xml; path = Info.plist; sourceTree = "<group>"; };
/* End PBXFileReference section */

/* Begin PBXFrameworksBuildPhase section */
		ABEDDF2E1C6952900052F275 /* Frameworks */ = {
			isa = PBXFrameworksBuildPhase;
			buildActionMask = 2147483647;
			files = (
			);
			runOnlyForDeploymentPostprocessing = 0;
		};
/* End PBXFrameworksBuildPhase section */

/* Begin PBXGroup section */
		ABEDDF281C6952900052F275 = {
			isa = PBXGroup;
			children = (
				ABEDDF331C6952900052F275 /* JuilliardDemo */,
				ABEDDF321C6952900052F275 /* Products */,
			);
			sourceTree = "<group>";
		};
		ABEDDF321C6952900052F275 /* Products */ = {
			isa = PBXGroup;
			children = (
				ABEDDF311C6952900052F275 /* JuilliardDemo.app */,
			);
			name = Products;
			sourceTree = "<group>";
		};
		ABEDDF331C6952900052F275 /* JuilliardDemo */ = {
			isa = PBXGroup;
			children = (
				ABEDDF341C6952900052F275 /* AppDelegate.swift */,
				ABEDDF361C6952900052F275 /* ViewController.swift */,
				ABEDDF381C6952900052F275 /* Main.storyboard */,
				ABEDDF3B1C6952900052F275 /* Assets.xcassets */,
				ABEDDF3D1C6952900052F275 /* LaunchScreen.storyboard */,
				ABEDDF401C6952900052F275 /* Info.plist */,
			);
			path = JuilliardDemo;
			sourceTree = "<group>";
		};
/* End PBXGroup section */

/* Begin PBXNativeTarget section */
		ABEDDF301C6952900052F275 /* JuilliardDemo */ = {
			isa = PBXNativeTarget;
			buildConfigurationList = ABEDDF431C6952900052F275 /* Build configuration list for PBXNativeTarget "JuilliardDemo" */;
			buildPhases = (
				ABEDDF2D1C6952900052F275 /* Sources */,
				ABEDDF2E1C6952900052F275 /* Frameworks */,
				ABEDDF2F1C6952900052F275 /* Resources */,
			);
			buildRules = (
			);
			dependencies = (
			);
			name = JuilliardDemo;
			productName = JuilliardDemo;
			productReference = ABEDDF311C6952900052F275 /* JuilliardDemo.app */;
			productType = "com.apple.product-type.application";
		};
/* End PBXNativeTarget section */

/* Begin PBXProject section */
		ABEDDF291C6952900052F275 /* Project object */ = {
			isa = PBXProject;
			attributes = {
				LastSwiftUpdateCheck = 0710;
				LastUpgradeCheck = 0710;
				ORGANIZATIONNAME = Raizlabs;
				TargetAttributes = {
					ABEDDF301C6952900052F275 = {
						CreatedOnToolsVersion = 7.1.1;
					};
				};
			};
			buildConfigurationList = ABEDDF2C1C6952900052F275 /* Build configuration list for PBXProject "JuilliardDemo" */;
			compatibilityVersion = "Xcode 3.2";
			developmentRegion = English;
			hasScannedForEncodings = 0;
			knownRegions = (
				en,
				Base,
			);
			mainGroup = ABEDDF281C6952900052F275;
			productRefGroup = ABEDDF321C6952900052F275 /* Products */;
			projectDirPath = "";
			projectRoot = "";
			targets = (
				ABEDDF301C6952900052F275 /* JuilliardDemo */,
			);
		};
/* End PBXProject section */

/* Begin PBXResourcesBuildPhase section */
		ABEDDF2F1C6952900052F275 /* Resources */ = {
			isa = PBXResourcesBuildPhase;
			buildActionMask = 2147483647;
			files = (
				ABEDDF3F1C6952900052F275 /* LaunchScreen.storyboard in Resources */,
				ABEDDF3C1C6952900052F275 /* Assets.xcassets in Resources */,
				ABEDDF3A1C6952900052F275 /* Main.storyboard in Resources */,
			);
			runOnlyForDeploymentPostprocessing = 0;
		};
/* End PBXResourcesBuildPhase section */

/* Begin PBXSourcesBuildPhase section */
		ABEDDF2D1C6952900052F275 /* Sources */ = {
			isa = PBXSourcesBuildPhase;
			buildActionMask = 2147483647;
			files = (
				ABEDDF371C6952900052F275 /* ViewController.swift in Sources */,
				ABEDDF351C6952900052F275 /* AppDelegate.swift in Sources */,
			);
			runOnlyForDeploymentPostprocessing = 0;
		};
/* End PBXSourcesBuildPhase section */

/* Begin PBXVariantGroup section */
		ABEDDF381C6952900052F275 /* Main.storyboard */ = {
			isa = PBXVariantGroup;
			children = (
				ABEDDF391C6952900052F275 /* Base */,
			);
			name = Main.storyboard;
			sourceTree = "<group>";
		};
		ABEDDF3D1C6952900052F275 /* LaunchScreen.storyboard */ = {
			isa = PBXVariantGroup;
			children = (
				ABEDDF3E1C6952900052F275 /* Base */,
			);
			name = LaunchScreen.storyboard;
			sourceTree = "<group>";
		};
/* End PBXVariantGroup section */

/* Begin XCBuildConfiguration section */
		ABEDDF411C6952900052F275 /* Debug */ = {
			isa = XCBuildConfiguration;
			buildSettings = {
				ALWAYS_SEARCH_USER_PATHS = NO;
				CLANG_CXX_LANGUAGE_STANDARD = "gnu++0x";
				CLANG_CXX_LIBRARY = "libc++";
				CLANG_ENABLE_MODULES = YES;
				CLANG_ENABLE_OBJC_ARC = YES;
				CLANG_WARN_BOOL_CONVERSION = YES;
				CLANG_WARN_CONSTANT_CONVERSION = YES;
				CLANG_WARN_DIRECT_OBJC_ISA_USAGE = YES_ERROR;
				CLANG_WARN_EMPTY_BODY = YES;
				CLANG_WARN_ENUM_CONVERSION = YES;
				CLANG_WARN_INT_CONVERSION = YES;
				CLANG_WARN_OBJC_ROOT_CLASS = YES_ERROR;
				CLANG_WARN_UNREACHABLE_CODE = YES;
				CLANG_WARN__DUPLICATE_METHOD_MATCH = YES;
				"CODE_SIGN_IDENTITY[sdk=iphoneos*]" = "iPhone Developer";
				COPY_PHASE_STRIP = NO;
				DEBUG_INFORMATION_FORMAT = dwarf;
				ENABLE_STRICT_OBJC_MSGSEND = YES;
				ENABLE_TESTABILITY = YES;
				GCC_C_LANGUAGE_STANDARD = gnu99;
				GCC_DYNAMIC_NO_PIC = NO;
				GCC_NO_COMMON_BLOCKS = YES;
				GCC_OPTIMIZATION_LEVEL = 0;
				GCC_PREPROCESSOR_DEFINITIONS = (
					"DEBUG=1",
					"$(inherited)",
				);
				GCC_WARN_64_TO_32_BIT_CONVERSION = YES;
				GCC_WARN_ABOUT_RETURN_TYPE = YES_ERROR;
				GCC_WARN_UNDECLARED_SELECTOR = YES;
				GCC_WARN_UNINITIALIZED_AUTOS = YES_AGGRESSIVE;
				GCC_WARN_UNUSED_FUNCTION = YES;
				GCC_WARN_UNUSED_VARIABLE = YES;
				IPHONEOS_DEPLOYMENT_TARGET = 9.1;
				MTL_ENABLE_DEBUG_INFO = YES;
				ONLY_ACTIVE_ARCH = YES;
				SDKROOT = iphoneos;
				SWIFT_OPTIMIZATION_LEVEL = "-Onone";
				TARGETED_DEVICE_FAMILY = "1,2";
			};
			name = Debug;
		};
		ABEDDF421C6952900052F275 /* Release */ = {
			isa = XCBuildConfiguration;
			buildSettings = {
				ALWAYS_SEARCH_USER_PATHS = NO;
				CLANG_CXX_LANGUAGE_STANDARD = "gnu++0x";
				CLANG_CXX_LIBRARY = "libc++";
				CLANG_ENABLE_MODULES = YES;
				CLANG_ENABLE_OBJC_ARC = YES;
				CLANG_WARN_BOOL_CONVERSION = YES;
				CLANG_WARN_CONSTANT_CONVERSION = YES;
				CLANG_WARN_DIRECT_OBJC_ISA_USAGE = YES_ERROR;
				CLANG_WARN_EMPTY_BODY = YES;
				CLANG_WARN_ENUM_CONVERSION = YES;
				CLANG_WARN_INT_CONVERSION = YES;
				CLANG_WARN_OBJC_ROOT_CLASS = YES_ERROR;
				CLANG_WARN_UNREACHABLE_CODE = YES;
				CLANG_WARN__DUPLICATE_METHOD_MATCH = YES;
				"CODE_SIGN_IDENTITY[sdk=iphoneos*]" = "iPhone Developer";
				COPY_PHASE_STRIP = NO;
				DEBUG_INFORMATION_FORMAT = "dwarf-with-dsym";
				ENABLE_NS_ASSERTIONS = NO;
				ENABLE_STRICT_OBJC_MSGSEND = YES;
				GCC_C_LANGUAGE_STANDARD = gnu99;
				GCC_NO_COMMON_BLOCKS = YES;
				GCC_WARN_64_TO_32_BIT_CONVERSION = YES;
				GCC_WARN_ABOUT_RETURN_TYPE = YES_ERROR;
				GCC_WARN_UNDECLARED_SELECTOR = YES;
				GCC_WARN_UNINITIALIZED_AUTOS = YES_AGGRESSIVE;
				GCC_WARN_UNUSED_FUNCTION = YES;
				GCC_WARN_UNUSED_VARIABLE = YES;
				IPHONEOS_DEPLOYMENT_TARGET = 9.1;
				MTL_ENABLE_DEBUG_INFO = NO;
				SDKROOT = iphoneos;
				TARGETED_DEVICE_FAMILY = "1,2";
				VALIDATE_PRODUCT = YES;
			};
			name = Release;
		};
		ABEDDF441C6952900052F275 /* Debug */ = {
			isa = XCBuildConfiguration;
			buildSettings = {
				ASSETCATALOG_COMPILER_APPICON_NAME = AppIcon;
				INFOPLIST_FILE = JuilliardDemo/Info.plist;
				LD_RUNPATH_SEARCH_PATHS = "$(inherited) @executable_path/Frameworks";
				PRODUCT_BUNDLE_IDENTIFIER = com.raizlabs.JuilliardDemo;
				PRODUCT_NAME = "$(TARGET_NAME)";
			};
			name = Debug;
		};
		ABEDDF451C6952900052F275 /* Release */ = {
			isa = XCBuildConfiguration;
			buildSettings = {
				ASSETCATALOG_COMPILER_APPICON_NAME = AppIcon;
				INFOPLIST_FILE = JuilliardDemo/Info.plist;
				LD_RUNPATH_SEARCH_PATHS = "$(inherited) @executable_path/Frameworks";
				PRODUCT_BUNDLE_IDENTIFIER = com.raizlabs.JuilliardDemo;
				PRODUCT_NAME = "$(TARGET_NAME)";
			};
			name = Release;
		};
/* End XCBuildConfiguration section */

/* Begin XCConfigurationList section */
		ABEDDF2C1C6952900052F275 /* Build configuration list for PBXProject "JuilliardDemo" */ = {
			isa = XCConfigurationList;
			buildConfigurations = (
				ABEDDF411C6952900052F275 /* Debug */,
				ABEDDF421C6952900052F275 /* Release */,
			);
			defaultConfigurationIsVisible = 0;
			defaultConfigurationName = Release;
		};
		ABEDDF431C6952900052F275 /* Build configuration list for PBXNativeTarget "JuilliardDemo" */ = {
			isa = XCConfigurationList;
			buildConfigurations = (
				ABEDDF441C6952900052F275 /* Debug */,
				ABEDDF451C6952900052F275 /* Release */,
			);
			defaultConfigurationIsVisible = 0;
		};
/* End XCConfigurationList section */
	};
	rootObject = ABEDDF291C6952900052F275 /* Project object */;
}
